{
  "name": "poyang-mahjong",
  "version": "0.1.0",
  "lockfileVersion": 3,
  "requires": true,
  "packages": {
    "": {
      "name": "poyang-mahjong",
      "version": "0.1.0",
      "workspaces": [
        "apps/*",
        "packages/*"
      ],
      "engines": {
        "node": ">=22.18.0"
      }
    },
    "apps/realtime-server": {
      "name": "@poyang-mahjong/realtime-server",
      "version": "0.1.0",
      "dependencies": {
        "@poyang-mahjong/game-rules": "*",
        "@poyang-mahjong/protocol": "*",
        "ws": "^8.18.0"
      }
    },
    "node_modules/@poyang-mahjong/game-rules": {
      "resolved": "packages/game-rules",
      "link": true
    },
    "node_modules/@poyang-mahjong/protocol": {
      "resolved": "packages/protocol",
      "link": true
    },
    "node_modules/@poyang-mahjong/realtime-server": {
      "resolved": "apps/realtime-server",
      "link": true
    },
    "node_modules/ws": {
      "version": "8.21.1",
      "resolved": "https://registry.npmmirror.com/ws/-/ws-8.21.1.tgz",
      "integrity": "sha512-+0NTnW77fFN/DjQi6k/Sq/Yvk4Sgajw7urW8V+asjXnRgDs9gyGkdb7EzgfhA4goXsRIZKE28fzIXBHEzhuiWw==",
      "license": "MIT",
      "engines": {
        "node": ">=10.0.0"
      },
      "peerDependencies": {
        "bufferutil": "^4.0.1",
        "utf-8-validate": ">=5.0.2"
      },
      "peerDependenciesMeta": {
        "bufferutil": {
          "optional": true
        },
        "utf-8-validate": {
          "optional": true
        }
      }
    },
    "packages/game-rules": {
      "name": "@poyang-mahjong/game-rules",
      "version": "0.1.0"
    },
    "packages/protocol": {
      "name": "@poyang-mahjong/protocol",
      "version": "0.1.0"
    }
  }
}
